lockVersion: 2.0.0
id: e4c221e8-03bd-46db-a8ea-fef6da2f0239
management:
  docChecksum: b256d2efa53d04ded876f2dccc8f70b5
  docVersion: v2
  speakeasyVersion: internal
  generationVersion: 2.263.3
  releaseVersion: 0.9.1
  configChecksum: 6b02f7a29bbbe3c7ca7325b09620fde6
  repoURL: https://github.com/speakeasy-sdks/MyCompany-sample-sdk.git
  repoSubDirectory: .
  installationURL: https://github.com/speakeasy-sdks/MyCompany-sample-sdk
  published: true
features:
  go:
    additionalProperties: 0.1.2
    core: 3.4.1
    globalServerURLs: 2.82.1
    inputOutputModels: 2.83.0
generatedFiles:
  - currencies.go
  - financialsettings.go
  - generalledgeraccounts.go
  - lockdatesettings.go
  - subledgernumberseries.go
  - vatcodes.go
  - vatsettings.go
  - accountingsettings.go
  - go.mod
  - pkg/models/sdkerrors/sdkerror.go
  - pkg/types/bigint.go
  - pkg/types/date.go
  - pkg/types/datetime.go
  - pkg/types/decimal.go
  - pkg/types/pointers.go
  - pkg/utils/contenttype.go
  - pkg/utils/form.go
  - pkg/utils/headers.go
  - pkg/utils/json.go
  - pkg/utils/pathparams.go
  - pkg/utils/queryparams.go
  - pkg/utils/requestbody.go
  - pkg/utils/retries.go
  - pkg/utils/security.go
  - pkg/utils/utils.go
  - /pkg/models/operations/getcurrencies.go
  - /pkg/models/operations/getfinancialsettings.go
  - /pkg/models/operations/getgeneralledgeraccountbyid.go
  - /pkg/models/operations/getgeneralledgeraccounts.go
  - /pkg/models/operations/deletegeneralledgeraccountsid.go
  - /pkg/models/operations/patchgeneralledgeraccountsid.go
  - /pkg/models/operations/postgeneralledgeraccounts.go
  - /pkg/models/operations/getlockdate.go
  - /pkg/models/operations/getsubledgernumberseries.go
  - /pkg/models/operations/getsubledgernumberseriesid.go
  - /pkg/models/operations/getvatcodes.go
  - /pkg/models/operations/getvatsettings.go
  - /pkg/models/shared/currencydto.go
  - /pkg/models/shared/resourceparameters.go
  - /pkg/models/shared/financialsettingsdto.go
  - /pkg/models/shared/months.go
  - /pkg/models/shared/generalledgeraccountdto.go
  - /pkg/models/shared/vatreturnspecification.go
  - /pkg/models/shared/unitofmeasuretype.go
  - /pkg/models/shared/agriculturedepartment.go
  - /pkg/models/shared/operation.go
  - /pkg/models/shared/generalledgeraccountpostdto.go
  - /pkg/models/shared/lockdatesettingsdto.go
  - /pkg/models/shared/subledgernumberseriesdto.go
  - /pkg/models/shared/subledgernumberseriestype.go
  - /pkg/models/shared/vatcodedto.go
  - /pkg/models/shared/vatbasisratios.go
  - /pkg/models/shared/vatsettingsdto.go
  - /pkg/models/shared/vatreturntype.go
  - /pkg/models/shared/vatperiodtype.go
  - /pkg/models/sdkerrors/problemdetails.go
  - docs/pkg/models/operations/getcurrenciesrequest.md
  - docs/pkg/models/operations/getcurrenciesresponse.md
  - docs/pkg/models/operations/getfinancialsettingsresponse.md
  - docs/pkg/models/operations/getgeneralledgeraccountbyidrequest.md
  - docs/pkg/models/operations/getgeneralledgeraccountbyidresponse.md
  - docs/pkg/models/operations/getgeneralledgeraccountsrequest.md
  - docs/pkg/models/operations/getgeneralledgeraccountsresponse.md
  - docs/pkg/models/operations/deletegeneralledgeraccountsidrequest.md
  - docs/pkg/models/operations/deletegeneralledgeraccountsidresponse.md
  - docs/pkg/models/operations/patchgeneralledgeraccountsidrequest.md
  - docs/pkg/models/operations/patchgeneralledgeraccountsidresponse.md
  - docs/pkg/models/operations/postgeneralledgeraccountsresponse.md
  - docs/pkg/models/operations/getlockdateresponse.md
  - docs/pkg/models/operations/getsubledgernumberseriesrequest.md
  - docs/pkg/models/operations/getsubledgernumberseriesresponse.md
  - docs/pkg/models/operations/getsubledgernumberseriesidrequest.md
  - docs/pkg/models/operations/getsubledgernumberseriesidresponse.md
  - docs/pkg/models/operations/getvatcodesrequest.md
  - docs/pkg/models/operations/getvatcodesresponse.md
  - docs/pkg/models/operations/getvatsettingsresponse.md
  - docs/pkg/models/shared/currencydto.md
  - docs/pkg/models/shared/resourceparameters.md
  - docs/types/date.md
  - docs/pkg/models/shared/financialsettingsdto.md
  - docs/pkg/models/shared/months.md
  - docs/pkg/models/shared/generalledgeraccountdto.md
  - docs/pkg/models/shared/vatreturnspecification.md
  - docs/pkg/models/shared/unitofmeasuretype.md
  - docs/pkg/models/shared/agriculturedepartment.md
  - docs/pkg/models/shared/value.md
  - docs/pkg/models/shared/operation.md
  - docs/pkg/models/shared/generalledgeraccountpostdto.md
  - docs/pkg/models/shared/lockdatesettingsdto.md
  - docs/pkg/models/shared/subledgernumberseriesdto.md
  - docs/pkg/models/shared/subledgernumberseriestype.md
  - docs/pkg/models/shared/vatcodedto.md
  - docs/pkg/models/shared/vatbasisratios.md
  - docs/pkg/models/shared/vatsettingsdto.md
  - docs/pkg/models/shared/vatreturntype.md
  - docs/pkg/models/shared/vatperiodtype.md
  - docs/pkg/models/sdkerrors/problemdetails.md
  - docs/sdks/accountingsettings/README.md
  - docs/sdks/currencies/README.md
  - docs/sdks/financialsettings/README.md
  - docs/sdks/generalledgeraccounts/README.md
  - docs/sdks/lockdatesettings/README.md
  - docs/sdks/subledgernumberseries/README.md
  - docs/sdks/vatcodes/README.md
  - docs/sdks/vatsettings/README.md
  - USAGE.md
  - .gitattributes
  - internal/hooks/hooks.go
